
Microsoft Visual Studio Solution File, Format Version 12.00
# Visual Studio 14
VisualStudioVersion = 14.0.25420.1
MinimumVisualStudioVersion = 10.0.40219.1
Project("{FAE04EC0-301F-11D3-BF4B-00C04F79EFBC}") = "Jot", "Jot\Jot.csproj", "{E9BC6E7E-B7C2-40EA-83E8-52BA07F6D9D6}"
EndProject
Project("{2150E333-8FDC-42A3-9474-1A3956D46DE8}") = "Demo", "Demo", "{A3B3B8F6-A266-4363-9647-991928B06C5B}"
EndProject
Project("{FAE04EC0-301F-11D3-BF4B-00C04F79EFBC}") = "TestWinForms", "Demo\TestWinForms\TestWinForms.csproj", "{216ABFAE-1495-49BD-9C2F-0C4C3F09ED6F}"
EndProject
Project("{FAE04EC0-301F-11D3-BF4B-00C04F79EFBC}") = "TestWPF", "Demo\TestWPF\TestWPF.csproj", "{9D1520D9-DE96-4C8D-8C19-FA921851C9DA}"
EndProject
Project("{FAE04EC0-301F-11D3-BF4B-00C04F79EFBC}") = "Jot.Tests", "Jot.Tests\Jot.Tests.csproj", "{16FE17C7-911F-40D7-82BF-3A3B3AFD0B20}"
EndProject
Project("{2150E333-8FDC-42A3-9474-1A3956D46DE8}") = "Tests", "Tests", "{6970362B-C7F2-40F1-8BC8-882A0BEF0A40}"
EndProject
Project("{2150E333-8FDC-42A3-9474-1A3956D46DE8}") = "Misc", "Misc", "{A376E1B4-CE6F-44C8-A008-72EF8E1F6909}"
	ProjectSection(SolutionItems) = preProject
		.gitignore = .gitignore
		LICENSE.txt = LICENSE.txt
		README.md = README.md
	EndProjectSection
EndProject
Global
	GlobalSection(SolutionConfigurationPlatforms) = preSolution
		Debug|Any CPU = Debug|Any CPU
		Debug|Mixed Platforms = Debug|Mixed Platforms
		Debug|x86 = Debug|x86
		Deploy|Any CPU = Deploy|Any CPU
		Deploy|Mixed Platforms = Deploy|Mixed Platforms
		Deploy|x86 = Deploy|x86
		Release|Any CPU = Release|Any CPU
		Release|Mixed Platforms = Release|Mixed Platforms
		Release|x86 = Release|x86
	EndGlobalSection
	GlobalSection(ProjectConfigurationPlatforms) = postSolution
		{E9BC6E7E-B7C2-40EA-83E8-52BA07F6D9D6}.Debug|Any CPU.ActiveCfg = Debug|Any CPU
		{E9BC6E7E-B7C2-40EA-83E8-52BA07F6D9D6}.Debug|Any CPU.Build.0 = Debug|Any CPU
		{E9BC6E7E-B7C2-40EA-83E8-52BA07F6D9D6}.Debug|Mixed Platforms.ActiveCfg = Debug|Any CPU
		{E9BC6E7E-B7C2-40EA-83E8-52BA07F6D9D6}.Debug|Mixed Platforms.Build.0 = Debug|Any CPU
		{E9BC6E7E-B7C2-40EA-83E8-52BA07F6D9D6}.Debug|x86.ActiveCfg = Debug|Any CPU
		{E9BC6E7E-B7C2-40EA-83E8-52BA07F6D9D6}.Deploy|Any CPU.ActiveCfg = Deploy|Any CPU
		{E9BC6E7E-B7C2-40EA-83E8-52BA07F6D9D6}.Deploy|Any CPU.Build.0 = Deploy|Any CPU
		{E9BC6E7E-B7C2-40EA-83E8-52BA07F6D9D6}.Deploy|Mixed Platforms.ActiveCfg = Deploy|Any CPU
		{E9BC6E7E-B7C2-40EA-83E8-52BA07F6D9D6}.Deploy|Mixed Platforms.Build.0 = Deploy|Any CPU
		{E9BC6E7E-B7C2-40EA-83E8-52BA07F6D9D6}.Deploy|x86.ActiveCfg = Deploy|Any CPU
		{E9BC6E7E-B7C2-40EA-83E8-52BA07F6D9D6}.Release|Any CPU.ActiveCfg = Release|Any CPU
		{E9BC6E7E-B7C2-40EA-83E8-52BA07F6D9D6}.Release|Any CPU.Build.0 = Release|Any CPU
		{E9BC6E7E-B7C2-40EA-83E8-52BA07F6D9D6}.Release|Mixed Platforms.ActiveCfg = Release|Any CPU
		{E9BC6E7E-B7C2-40EA-83E8-52BA07F6D9D6}.Release|Mixed Platforms.Build.0 = Release|Any CPU
		{E9BC6E7E-B7C2-40EA-83E8-52BA07F6D9D6}.Release|x86.ActiveCfg = Release|Any CPU
		{216ABFAE-1495-49BD-9C2F-0C4C3F09ED6F}.Debug|Any CPU.ActiveCfg = Debug|x86
		{216ABFAE-1495-49BD-9C2F-0C4C3F09ED6F}.Debug|Mixed Platforms.ActiveCfg = Debug|x86
		{216ABFAE-1495-49BD-9C2F-0C4C3F09ED6F}.Debug|Mixed Platforms.Build.0 = Debug|x86
		{216ABFAE-1495-49BD-9C2F-0C4C3F09ED6F}.Debug|x86.ActiveCfg = Debug|x86
		{216ABFAE-1495-49BD-9C2F-0C4C3F09ED6F}.Debug|x86.Build.0 = Debug|x86
		{216ABFAE-1495-49BD-9C2F-0C4C3F09ED6F}.Deploy|Any CPU.ActiveCfg = Debug|x86
		{216ABFAE-1495-49BD-9C2F-0C4C3F09ED6F}.Deploy|Mixed Platforms.ActiveCfg = Debug|x86
		{216ABFAE-1495-49BD-9C2F-0C4C3F09ED6F}.Deploy|Mixed Platforms.Build.0 = Debug|x86
		{216ABFAE-1495-49BD-9C2F-0C4C3F09ED6F}.Deploy|x86.ActiveCfg = Debug|x86
		{216ABFAE-1495-49BD-9C2F-0C4C3F09ED6F}.Deploy|x86.Build.0 = Debug|x86
		{216ABFAE-1495-49BD-9C2F-0C4C3F09ED6F}.Release|Any CPU.ActiveCfg = Release|x86
		{216ABFAE-1495-49BD-9C2F-0C4C3F09ED6F}.Release|Mixed Platforms.ActiveCfg = Release|x86
		{216ABFAE-1495-49BD-9C2F-0C4C3F09ED6F}.Release|Mixed Platforms.Build.0 = Release|x86
		{216ABFAE-1495-49BD-9C2F-0C4C3F09ED6F}.Release|x86.ActiveCfg = Release|x86
		{216ABFAE-1495-49BD-9C2F-0C4C3F09ED6F}.Release|x86.Build.0 = Release|x86
		{9D1520D9-DE96-4C8D-8C19-FA921851C9DA}.Debug|Any CPU.ActiveCfg = Debug|x86
		{9D1520D9-DE96-4C8D-8C19-FA921851C9DA}.Debug|Mixed Platforms.ActiveCfg = Debug|x86
		{9D1520D9-DE96-4C8D-8C19-FA921851C9DA}.Debug|Mixed Platforms.Build.0 = Debug|x86
		{9D1520D9-DE96-4C8D-8C19-FA921851C9DA}.Debug|x86.ActiveCfg = Debug|x86
		{9D1520D9-DE96-4C8D-8C19-FA921851C9DA}.Debug|x86.Build.0 = Debug|x86
		{9D1520D9-DE96-4C8D-8C19-FA921851C9DA}.Deploy|Any CPU.ActiveCfg = Debug|x86
		{9D1520D9-DE96-4C8D-8C19-FA921851C9DA}.Deploy|Mixed Platforms.ActiveCfg = Debug|x86
		{9D1520D9-DE96-4C8D-8C19-FA921851C9DA}.Deploy|Mixed Platforms.Build.0 = Debug|x86
		{9D1520D9-DE96-4C8D-8C19-FA921851C9DA}.Deploy|x86.ActiveCfg = Debug|x86
		{9D1520D9-DE96-4C8D-8C19-FA921851C9DA}.Deploy|x86.Build.0 = Debug|x86
		{9D1520D9-DE96-4C8D-8C19-FA921851C9DA}.Release|Any CPU.ActiveCfg = Release|x86
		{9D1520D9-DE96-4C8D-8C19-FA921851C9DA}.Release|Mixed Platforms.ActiveCfg = Release|x86
		{9D1520D9-DE96-4C8D-8C19-FA921851C9DA}.Release|Mixed Platforms.Build.0 = Release|x86
		{9D1520D9-DE96-4C8D-8C19-FA921851C9DA}.Release|x86.ActiveCfg = Release|x86
		{9D1520D9-DE96-4C8D-8C19-FA921851C9DA}.Release|x86.Build.0 = Release|x86
		{16FE17C7-911F-40D7-82BF-3A3B3AFD0B20}.Debug|Any CPU.ActiveCfg = Debug|Any CPU
		{16FE17C7-911F-40D7-82BF-3A3B3AFD0B20}.Debug|Any CPU.Build.0 = Debug|Any CPU
		{16FE17C7-911F-40D7-82BF-3A3B3AFD0B20}.Debug|Mixed Platforms.ActiveCfg = Debug|Any CPU
		{16FE17C7-911F-40D7-82BF-3A3B3AFD0B20}.Debug|Mixed Platforms.Build.0 = Debug|Any CPU
		{16FE17C7-911F-40D7-82BF-3A3B3AFD0B20}.Debug|x86.ActiveCfg = Debug|Any CPU
		{16FE17C7-911F-40D7-82BF-3A3B3AFD0B20}.Debug|x86.Build.0 = Debug|Any CPU
		{16FE17C7-911F-40D7-82BF-3A3B3AFD0B20}.Deploy|Any CPU.ActiveCfg = Debug|Any CPU
		{16FE17C7-911F-40D7-82BF-3A3B3AFD0B20}.Deploy|Any CPU.Build.0 = Debug|Any CPU
		{16FE17C7-911F-40D7-82BF-3A3B3AFD0B20}.Deploy|Mixed Platforms.ActiveCfg = Debug|Any CPU
		{16FE17C7-911F-40D7-82BF-3A3B3AFD0B20}.Deploy|Mixed Platforms.Build.0 = Debug|Any CPU
		{16FE17C7-911F-40D7-82BF-3A3B3AFD0B20}.Deploy|x86.ActiveCfg = Debug|Any CPU
		{16FE17C7-911F-40D7-82BF-3A3B3AFD0B20}.Deploy|x86.Build.0 = Debug|Any CPU
		{16FE17C7-911F-40D7-82BF-3A3B3AFD0B20}.Release|Any CPU.ActiveCfg = Release|Any CPU
		{16FE17C7-911F-40D7-82BF-3A3B3AFD0B20}.Release|Any CPU.Build.0 = Release|Any CPU
		{16FE17C7-911F-40D7-82BF-3A3B3AFD0B20}.Release|Mixed Platforms.ActiveCfg = Release|Any CPU
		{16FE17C7-911F-40D7-82BF-3A3B3AFD0B20}.Release|Mixed Platforms.Build.0 = Release|Any CPU
		{16FE17C7-911F-40D7-82BF-3A3B3AFD0B20}.Release|x86.ActiveCfg = Release|Any CPU
		{16FE17C7-911F-40D7-82BF-3A3B3AFD0B20}.Release|x86.Build.0 = Release|Any CPU
	EndGlobalSection
	GlobalSection(SolutionProperties) = preSolution
		HideSolutionNode = FALSE
	EndGlobalSection
	GlobalSection(NestedProjects) = preSolution
		{216ABFAE-1495-49BD-9C2F-0C4C3F09ED6F} = {A3B3B8F6-A266-4363-9647-991928B06C5B}
		{9D1520D9-DE96-4C8D-8C19-FA921851C9DA} = {A3B3B8F6-A266-4363-9647-991928B06C5B}
		{16FE17C7-911F-40D7-82BF-3A3B3AFD0B20} = {6970362B-C7F2-40F1-8BC8-882A0BEF0A40}
	EndGlobalSection
EndGlobal
