
Microsoft Visual Studio Solution File, Format Version 12.00
# Visual Studio Version 16
VisualStudioVersion = 16.0.29326.143
MinimumVisualStudioVersion = 10.0.40219.1
Project("{2150E333-8FDC-42A3-9474-1A3956D46DE8}") = "Demo", "Demo", "{A3B3B8F6-A266-4363-9647-991928B06C5B}"
EndProject
Project("{FAE04EC0-301F-11D3-BF4B-00C04F79EFBC}") = "TestWinForms", "Demo\TestWinForms\TestWinForms.csproj", "{216ABFAE-1495-49BD-9C2F-0C4C3F09ED6F}"
EndProject
Project("{FAE04EC0-301F-11D3-BF4B-00C04F79EFBC}") = "TestWPF", "Demo\TestWPF\TestWPF.csproj", "{9D1520D9-DE96-4C8D-8C19-FA921851C9DA}"
EndProject
Project("{2150E333-8FDC-42A3-9474-1A3956D46DE8}") = "Tests", "Tests", "{6970362B-C7F2-40F1-8BC8-882A0BEF0A40}"
EndProject
Project("{2150E333-8FDC-42A3-9474-1A3956D46DE8}") = "Misc", "Misc", "{A376E1B4-CE6F-44C8-A008-72EF8E1F6909}"
	ProjectSection(SolutionItems) = preProject
		.gitignore = .gitignore
		LICENSE.txt = LICENSE.txt
		publish.bat = publish.bat
		README.md = README.md
	EndProjectSection
EndProject
Project("{9A19103F-16F7-4668-BE54-9A1E7A4F7556}") = "Jot", "Jot\Jot.csproj", "{77C39ACE-7180-4F7D-9B16-8408E1BC058B}"
EndProject
Project("{9A19103F-16F7-4668-BE54-9A1E7A4F7556}") = "Jot.Tests", "Jot.Tests\Jot.Tests.csproj", "{E6FB29A1-C2C1-4CE2-8510-4FF299EBAF2D}"
EndProject
Global
	GlobalSection(SolutionConfigurationPlatforms) = preSolution
		Debug|Any CPU = Debug|Any CPU
		Debug|Mixed Platforms = Debug|Mixed Platforms
		Debug|x86 = Debug|x86
		Deploy|Any CPU = Deploy|Any CPU
		Deploy|Mixed Platforms = Deploy|Mixed Platforms
		Deploy|x86 = Deploy|x86
		Release|Any CPU = Release|Any CPU
		Release|Mixed Platforms = Release|Mixed Platforms
		Release|x86 = Release|x86
	EndGlobalSection
	GlobalSection(ProjectConfigurationPlatforms) = postSolution
		{216ABFAE-1495-49BD-9C2F-0C4C3F09ED6F}.Debug|Any CPU.ActiveCfg = Debug|x86
		{216ABFAE-1495-49BD-9C2F-0C4C3F09ED6F}.Debug|Mixed Platforms.ActiveCfg = Debug|x86
		{216ABFAE-1495-49BD-9C2F-0C4C3F09ED6F}.Debug|Mixed Platforms.Build.0 = Debug|x86
		{216ABFAE-1495-49BD-9C2F-0C4C3F09ED6F}.Debug|x86.ActiveCfg = Debug|x86
		{216ABFAE-1495-49BD-9C2F-0C4C3F09ED6F}.Debug|x86.Build.0 = Debug|x86
		{216ABFAE-1495-49BD-9C2F-0C4C3F09ED6F}.Deploy|Any CPU.ActiveCfg = Debug|x86
		{216ABFAE-1495-49BD-9C2F-0C4C3F09ED6F}.Deploy|Mixed Platforms.ActiveCfg = Debug|x86
		{216ABFAE-1495-49BD-9C2F-0C4C3F09ED6F}.Deploy|Mixed Platforms.Build.0 = Debug|x86
		{216ABFAE-1495-49BD-9C2F-0C4C3F09ED6F}.Deploy|x86.ActiveCfg = Debug|x86
		{216ABFAE-1495-49BD-9C2F-0C4C3F09ED6F}.Deploy|x86.Build.0 = Debug|x86
		{216ABFAE-1495-49BD-9C2F-0C4C3F09ED6F}.Release|Any CPU.ActiveCfg = Release|x86
		{216ABFAE-1495-49BD-9C2F-0C4C3F09ED6F}.Release|Mixed Platforms.ActiveCfg = Release|x86
		{216ABFAE-1495-49BD-9C2F-0C4C3F09ED6F}.Release|Mixed Platforms.Build.0 = Release|x86
		{216ABFAE-1495-49BD-9C2F-0C4C3F09ED6F}.Release|x86.ActiveCfg = Release|x86
		{216ABFAE-1495-49BD-9C2F-0C4C3F09ED6F}.Release|x86.Build.0 = Release|x86
		{9D1520D9-DE96-4C8D-8C19-FA921851C9DA}.Debug|Any CPU.ActiveCfg = Debug|x86
		{9D1520D9-DE96-4C8D-8C19-FA921851C9DA}.Debug|Mixed Platforms.ActiveCfg = Debug|x86
		{9D1520D9-DE96-4C8D-8C19-FA921851C9DA}.Debug|Mixed Platforms.Build.0 = Debug|x86
		{9D1520D9-DE96-4C8D-8C19-FA921851C9DA}.Debug|x86.ActiveCfg = Debug|x86
		{9D1520D9-DE96-4C8D-8C19-FA921851C9DA}.Debug|x86.Build.0 = Debug|x86
		{9D1520D9-DE96-4C8D-8C19-FA921851C9DA}.Deploy|Any CPU.ActiveCfg = Debug|x86
		{9D1520D9-DE96-4C8D-8C19-FA921851C9DA}.Deploy|Mixed Platforms.ActiveCfg = Debug|x86
		{9D1520D9-DE96-4C8D-8C19-FA921851C9DA}.Deploy|Mixed Platforms.Build.0 = Debug|x86
		{9D1520D9-DE96-4C8D-8C19-FA921851C9DA}.Deploy|x86.ActiveCfg = Debug|x86
		{9D1520D9-DE96-4C8D-8C19-FA921851C9DA}.Deploy|x86.Build.0 = Debug|x86
		{9D1520D9-DE96-4C8D-8C19-FA921851C9DA}.Release|Any CPU.ActiveCfg = Release|x86
		{9D1520D9-DE96-4C8D-8C19-FA921851C9DA}.Release|Mixed Platforms.ActiveCfg = Release|x86
		{9D1520D9-DE96-4C8D-8C19-FA921851C9DA}.Release|Mixed Platforms.Build.0 = Release|x86
		{9D1520D9-DE96-4C8D-8C19-FA921851C9DA}.Release|x86.ActiveCfg = Release|x86
		{9D1520D9-DE96-4C8D-8C19-FA921851C9DA}.Release|x86.Build.0 = Release|x86
		{77C39ACE-7180-4F7D-9B16-8408E1BC058B}.Debug|Any CPU.ActiveCfg = Debug|Any CPU
		{77C39ACE-7180-4F7D-9B16-8408E1BC058B}.Debug|Any CPU.Build.0 = Debug|Any CPU
		{77C39ACE-7180-4F7D-9B16-8408E1BC058B}.Debug|Mixed Platforms.ActiveCfg = Debug|Any CPU
		{77C39ACE-7180-4F7D-9B16-8408E1BC058B}.Debug|Mixed Platforms.Build.0 = Debug|Any CPU
		{77C39ACE-7180-4F7D-9B16-8408E1BC058B}.Debug|x86.ActiveCfg = Debug|Any CPU
		{77C39ACE-7180-4F7D-9B16-8408E1BC058B}.Debug|x86.Build.0 = Debug|Any CPU
		{77C39ACE-7180-4F7D-9B16-8408E1BC058B}.Deploy|Any CPU.ActiveCfg = Debug|Any CPU
		{77C39ACE-7180-4F7D-9B16-8408E1BC058B}.Deploy|Any CPU.Build.0 = Debug|Any CPU
		{77C39ACE-7180-4F7D-9B16-8408E1BC058B}.Deploy|Mixed Platforms.ActiveCfg = Debug|Any CPU
		{77C39ACE-7180-4F7D-9B16-8408E1BC058B}.Deploy|Mixed Platforms.Build.0 = Debug|Any CPU
		{77C39ACE-7180-4F7D-9B16-8408E1BC058B}.Deploy|x86.ActiveCfg = Debug|Any CPU
		{77C39ACE-7180-4F7D-9B16-8408E1BC058B}.Deploy|x86.Build.0 = Debug|Any CPU
		{77C39ACE-7180-4F7D-9B16-8408E1BC058B}.Release|Any CPU.ActiveCfg = Release|Any CPU
		{77C39ACE-7180-4F7D-9B16-8408E1BC058B}.Release|Any CPU.Build.0 = Release|Any CPU
		{77C39ACE-7180-4F7D-9B16-8408E1BC058B}.Release|Mixed Platforms.ActiveCfg = Release|Any CPU
		{77C39ACE-7180-4F7D-9B16-8408E1BC058B}.Release|Mixed Platforms.Build.0 = Release|Any CPU
		{77C39ACE-7180-4F7D-9B16-8408E1BC058B}.Release|x86.ActiveCfg = Release|Any CPU
		{77C39ACE-7180-4F7D-9B16-8408E1BC058B}.Release|x86.Build.0 = Release|Any CPU
		{E6FB29A1-C2C1-4CE2-8510-4FF299EBAF2D}.Debug|Any CPU.ActiveCfg = Debug|Any CPU
		{E6FB29A1-C2C1-4CE2-8510-4FF299EBAF2D}.Debug|Any CPU.Build.0 = Debug|Any CPU
		{E6FB29A1-C2C1-4CE2-8510-4FF299EBAF2D}.Debug|Mixed Platforms.ActiveCfg = Debug|Any CPU
		{E6FB29A1-C2C1-4CE2-8510-4FF299EBAF2D}.Debug|Mixed Platforms.Build.0 = Debug|Any CPU
		{E6FB29A1-C2C1-4CE2-8510-4FF299EBAF2D}.Debug|x86.ActiveCfg = Debug|Any CPU
		{E6FB29A1-C2C1-4CE2-8510-4FF299EBAF2D}.Debug|x86.Build.0 = Debug|Any CPU
		{E6FB29A1-C2C1-4CE2-8510-4FF299EBAF2D}.Deploy|Any CPU.ActiveCfg = Debug|Any CPU
		{E6FB29A1-C2C1-4CE2-8510-4FF299EBAF2D}.Deploy|Any CPU.Build.0 = Debug|Any CPU
		{E6FB29A1-C2C1-4CE2-8510-4FF299EBAF2D}.Deploy|Mixed Platforms.ActiveCfg = Debug|Any CPU
		{E6FB29A1-C2C1-4CE2-8510-4FF299EBAF2D}.Deploy|Mixed Platforms.Build.0 = Debug|Any CPU
		{E6FB29A1-C2C1-4CE2-8510-4FF299EBAF2D}.Deploy|x86.ActiveCfg = Debug|Any CPU
		{E6FB29A1-C2C1-4CE2-8510-4FF299EBAF2D}.Deploy|x86.Build.0 = Debug|Any CPU
		{E6FB29A1-C2C1-4CE2-8510-4FF299EBAF2D}.Release|Any CPU.ActiveCfg = Release|Any CPU
		{E6FB29A1-C2C1-4CE2-8510-4FF299EBAF2D}.Release|Any CPU.Build.0 = Release|Any CPU
		{E6FB29A1-C2C1-4CE2-8510-4FF299EBAF2D}.Release|Mixed Platforms.ActiveCfg = Release|Any CPU
		{E6FB29A1-C2C1-4CE2-8510-4FF299EBAF2D}.Release|Mixed Platforms.Build.0 = Release|Any CPU
		{E6FB29A1-C2C1-4CE2-8510-4FF299EBAF2D}.Release|x86.ActiveCfg = Release|Any CPU
		{E6FB29A1-C2C1-4CE2-8510-4FF299EBAF2D}.Release|x86.Build.0 = Release|Any CPU
	EndGlobalSection
	GlobalSection(SolutionProperties) = preSolution
		HideSolutionNode = FALSE
	EndGlobalSection
	GlobalSection(NestedProjects) = preSolution
		{216ABFAE-1495-49BD-9C2F-0C4C3F09ED6F} = {A3B3B8F6-A266-4363-9647-991928B06C5B}
		{9D1520D9-DE96-4C8D-8C19-FA921851C9DA} = {A3B3B8F6-A266-4363-9647-991928B06C5B}
		{E6FB29A1-C2C1-4CE2-8510-4FF299EBAF2D} = {6970362B-C7F2-40F1-8BC8-882A0BEF0A40}
	EndGlobalSection
	GlobalSection(ExtensibilityGlobals) = postSolution
		SolutionGuid = {3D6CF7E1-1FAC-40E4-8230-16CB6F0B061F}
	EndGlobalSection
EndGlobal
